# This file is autogenerated, do not edit; changes may be undone by the next 'dep ensure'.


[[projects]]
  digest = "1:578fc4098a37e04fd357d2172eb1ed8922274f409b5d9d1eda77c45ab7b92180"
  name = "github.com/bsm/histogram"
  packages = ["."]
  pruneopts = ""
  revision = "253b217b3ad255d48994a6f74de4f82650f5e70d"
  version = "v2.0.0"

[[projects]]
  digest = "1:c9857a70700dce587411a66d7a8511924dc8f90ab677d58001cc82b5f8610b71"
  name = "github.com/bsm/instruments"
  packages = [
    ".",
    "datadog",
  ]
  pruneopts = ""
  revision = "444d5a234ec8a4d2037e81848006510363a7fdb4"
  version = "v1.3.3"

[[projects]]
  branch = "master"
  digest = "1:c46fd324e7902268373e1b337436a6377c196e2dbd7b35624c6256d29d494e78"
  name = "github.com/codahale/hdrhistogram"
  packages = ["."]
  pruneopts = ""
  revision = "3a0bb77429bd3a61596f5e8a3172445844342120"

[[projects]]
  digest = "1:f16e7314ccb018314c5b7137c5df380d7b24cf5d2fa2b03a7631dd374edb132c"
  name = "github.com/onsi/ginkgo"
  packages = [
    ".",
    "config",
    "extensions/table",
    "internal/codelocation",
    "internal/containernode",
    "internal/failer",
    "internal/leafnodes",
    "internal/remote",
    "internal/spec",
    "internal/spec_iterator",
    "internal/specrunner",
    "internal/suite",
    "internal/testingtproxy",
    "internal/writer",
    "reporters",
    "reporters/stenographer",
    "reporters/stenographer/support/go-colorable",
    "reporters/stenographer/support/go-isatty",
    "types",
  ]
  pruneopts = ""
  revision = "fa5fabab2a1bfbd924faf4c067d07ae414e2aedf"
  version = "v1.5.0"

[[projects]]
  digest = "1:19250fabb359eb8c781e45fd7734218e66b016977476a98d63e22a0280db346a"
  name = "github.com/onsi/gomega"
  packages = [
    ".",
    "format",
    "internal/assertion",
    "internal/asyncassertion",
    "internal/oraclematcher",
    "internal/testingtsupport",
    "matchers",
    "matchers/support/goraph/bipartitegraph",
    "matchers/support/goraph/edge",
    "matchers/support/goraph/node",
    "matchers/support/goraph/util",
    "types",
  ]
  pruneopts = ""
  revision = "62bff4df71bdbc266561a0caee19f0594b17c240"
  version = "v1.4.0"

[[projects]]
  digest = "1:bba12aa4747b212f75db3e7fee73fe1b66d303cb3ff0c1984b7f2ad20e8bd2bc"
  name = "github.com/opentracing/opentracing-go"
  packages = [
    ".",
    "ext",
    "log",
  ]
  pruneopts = ""
  revision = "1949ddbfd147afd4d964a9f00b24eb291e0e7c38"
  version = "v1.0.2"

[[projects]]
  digest = "1:7365acd48986e205ccb8652cc746f09c8b7876030d53710ea6ef7d0bd0dcd7ca"
  name = "github.com/pkg/errors"
  packages = ["."]
  pruneopts = ""
  revision = "645ef00459ed84a119197bfb8d8205042c6df63d"
  version = "v0.8.0"

[[projects]]
  digest = "1:a6cf7a16661bba2bf70b6178809ada24aef14cf7abea63153a786e12db88dccc"
  name = "github.com/uber/jaeger-client-go"
  packages = [
    ".",
    "config",
    "internal/baggage",
    "internal/baggage/remote",
    "internal/spanlog",
    "internal/throttler",
    "internal/throttler/remote",
    "log",
    "rpcmetrics",
    "thrift",
    "thrift-gen/agent",
    "thrift-gen/baggage",
    "thrift-gen/jaeger",
    "thrift-gen/sampling",
    "thrift-gen/zipkincore",
    "utils",
  ]
  pruneopts = ""
  revision = "b043381d944715b469fd6b37addfd30145ca1758"
  version = "v2.14.0"

[[projects]]
  digest = "1:05d4f4ca69137ae7c85e535911eebb505a2aad3189573f8e2b469ed043160e88"
  name = "github.com/uber/jaeger-lib"
  packages = ["metrics"]
  pruneopts = ""
  revision = "ed3a127ec5fef7ae9ea95b01b542c47fbd999ce5"
  version = "v1.5.0"

[[projects]]
  digest = "1:5e30725e7522642910b34208061b21bb0cd77b8ce115c3133a1431c52054e004"
  name = "go.uber.org/atomic"
  packages = ["."]
  pruneopts = ""
  revision = "1ea20fb1cbb1cc08cbd0d913a96dead89aa18289"
  version = "v1.3.2"

[[projects]]
  digest = "1:22c7effcb4da0eacb2bb1940ee173fac010e9ef3c691f5de4b524d538bd980f5"
  name = "go.uber.org/multierr"
  packages = ["."]
  pruneopts = ""
  revision = "3c4937480c32f4c13a875a1829af76c98ca3d40a"
  version = "v1.1.0"

[[projects]]
  digest = "1:cab2c00c2278f52d794502459bd9bb8c321335703dcec57971740527b615837b"
  name = "go.uber.org/zap"
  packages = [
    ".",
    "buffer",
    "internal/bufferpool",
    "internal/color",
    "internal/exit",
    "zapcore",
  ]
  pruneopts = ""
  revision = "eeedf312bc6c57391d84767a4cd413f02a917974"
  version = "v1.8.0"

[[projects]]
  branch = "master"
  digest = "1:50a6b805181a9b3bf2c879fcad6e6ff4cc643fc2287c321c1fbfc751755ea7eb"
  name = "golang.org/x/net"
  packages = [
    "context",
    "html",
    "html/atom",
    "html/charset",
  ]
  pruneopts = ""
  revision = "d0887baf81f4598189d4e12a37c6da86f0bba4d0"

[[projects]]
  branch = "master"
  digest = "1:a8944db88149e7ecbea4b760c625b9ccf455fceae21387bc8890c3589d28b623"
  name = "golang.org/x/sys"
  packages = ["unix"]
  pruneopts = ""
  revision = "ac767d655b305d4e9612f5f6e33120b9176c4ad4"

[[projects]]
  digest = "1:af9bfca4298ef7502c52b1459df274eed401a4f5498b900e9a92d28d3d87ac5a"
  name = "golang.org/x/text"
  packages = [
    "encoding",
    "encoding/charmap",
    "encoding/htmlindex",
    "encoding/internal",
    "encoding/internal/identifier",
    "encoding/japanese",
    "encoding/korean",
    "encoding/simplifiedchinese",
    "encoding/traditionalchinese",
    "encoding/unicode",
    "internal/gen",
    "internal/tag",
    "internal/utf8internal",
    "language",
    "runes",
    "transform",
    "unicode/cldr",
  ]
  pruneopts = ""
  revision = "f21a4dfb5e38f5895301dc265a8def02365cc3d0"
  version = "v0.3.0"

[[projects]]
  digest = "1:f0620375dd1f6251d9973b5f2596228cc8042e887cd7f827e4220bc1ce8c30e2"
  name = "gopkg.in/yaml.v2"
  packages = ["."]
  pruneopts = ""
  revision = "5420a8b6744d3b0345ab293f6fcba19c978f1183"
  version = "v2.2.1"

[solve-meta]
  analyzer-name = "dep"
  analyzer-version = 1
  input-imports = [
    "github.com/bsm/instruments",
    "github.com/bsm/instruments/datadog",
    "github.com/onsi/ginkgo",
    "github.com/onsi/ginkgo/extensions/table",
    "github.com/onsi/gomega",
    "github.com/uber/jaeger-client-go/config",
    "go.uber.org/zap",
    "go.uber.org/zap/zapcore",
  ]
  solver-name = "gps-cdcl"
  solver-version = 1
