# This file is autogenerated, do not edit; changes may be undone by the next 'dep ensure'.


[[projects]]
  name = "github.com/apache/thrift"
  packages = ["lib/go/thrift"]
  revision = "b2a4d4ae21c789b689dd162deb819665567f481c"
  version = "0.10.0"

[[projects]]
  name = "github.com/bsm/histogram"
  packages = ["."]
  revision = "253b217b3ad255d48994a6f74de4f82650f5e70d"
  version = "v2.0.0"

[[projects]]
  name = "github.com/bsm/instruments"
  packages = [".","datadog"]
  revision = "51c20bac00971277a5977b89dbda70c5a344542b"
  version = "v1.3.2"

[[projects]]
  branch = "master"
  name = "github.com/codahale/hdrhistogram"
  packages = ["."]
  revision = "3a0bb77429bd3a61596f5e8a3172445844342120"

[[projects]]
  name = "github.com/onsi/ginkgo"
  packages = [".","config","extensions/table","internal/codelocation","internal/containernode","internal/failer","internal/leafnodes","internal/remote","internal/spec","internal/spec_iterator","internal/specrunner","internal/suite","internal/testingtproxy","internal/writer","reporters","reporters/stenographer","reporters/stenographer/support/go-colorable","reporters/stenographer/support/go-isatty","types"]
  revision = "9eda700730cba42af70d53180f9dcce9266bc2bc"
  version = "v1.4.0"

[[projects]]
  name = "github.com/onsi/gomega"
  packages = [".","format","internal/assertion","internal/asyncassertion","internal/oraclematcher","internal/testingtsupport","matchers","matchers/support/goraph/bipartitegraph","matchers/support/goraph/edge","matchers/support/goraph/node","matchers/support/goraph/util","types"]
  revision = "c893efa28eb45626cdaa76c9f653b62488858837"
  version = "v1.2.0"

[[projects]]
  name = "github.com/opentracing/opentracing-go"
  packages = [".","ext","log"]
  revision = "1949ddbfd147afd4d964a9f00b24eb291e0e7c38"
  version = "v1.0.2"

[[projects]]
  name = "github.com/uber/jaeger-client-go"
  packages = [".","config","internal/baggage","internal/baggage/remote","internal/spanlog","log","rpcmetrics","thrift-gen/agent","thrift-gen/baggage","thrift-gen/jaeger","thrift-gen/sampling","thrift-gen/zipkincore","utils"]
  revision = "ff3efa227b65e419701a4f48985379ca106a89e7"
  version = "v2.11.0"

[[projects]]
  name = "github.com/uber/jaeger-lib"
  packages = ["metrics"]
  revision = "c48167d9cae5887393dd5e61efd06a4a48b7fbb3"
  version = "v1.2.1"

[[projects]]
  name = "go.uber.org/atomic"
  packages = ["."]
  revision = "8474b86a5a6f79c443ce4b2992817ff32cf208b8"
  version = "v1.3.1"

[[projects]]
  name = "go.uber.org/multierr"
  packages = ["."]
  revision = "3c4937480c32f4c13a875a1829af76c98ca3d40a"
  version = "v1.1.0"

[[projects]]
  name = "go.uber.org/zap"
  packages = [".","buffer","internal/bufferpool","internal/color","internal/exit","zapcore"]
  revision = "35aad584952c3e7020db7b839f6b102de6271f89"
  version = "v1.7.1"

[[projects]]
  branch = "master"
  name = "golang.org/x/net"
  packages = ["context","html","html/atom","html/charset"]
  revision = "a8b9294777976932365dabb6640cf1468d95c70f"

[[projects]]
  branch = "master"
  name = "golang.org/x/sys"
  packages = ["unix"]
  revision = "13fcbd661c8ececa8807a29b48407d674b1d8ed8"

[[projects]]
  branch = "master"
  name = "golang.org/x/text"
  packages = ["encoding","encoding/charmap","encoding/htmlindex","encoding/internal","encoding/internal/identifier","encoding/japanese","encoding/korean","encoding/simplifiedchinese","encoding/traditionalchinese","encoding/unicode","internal/gen","internal/tag","internal/utf8internal","language","runes","transform","unicode/cldr"]
  revision = "75cc3cad82b5f47d3fb229ddda8c5167da14f294"

[[projects]]
  branch = "v2"
  name = "gopkg.in/yaml.v2"
  packages = ["."]
  revision = "287cf08546ab5e7e37d55a84f7ed3fd1db036de5"

[solve-meta]
  analyzer-name = "dep"
  analyzer-version = 1
  inputs-digest = "258e46aea30c7d3e809db17c07b2d47f01127ecb5a3a0decc95aa7f357d9dab7"
  solver-name = "gps-cdcl"
  solver-version = 1
